// !$*UTF8*$!
{
	archiveVersion = 1;
	classes = {
	};
	objectVersion = 77;
	objects = {

/* Begin PBXBuildFile section */
		4EB439C52E6DFCA900E7980F /* GoogleService-Info.plist in Resources */ = {isa = PBXBuildFile; fileRef = 4EB439C42E6DFCA900E7980F /* GoogleService-Info.plist */; };
		4EB439C62E6DFCA900E7980F /* GoogleService-Info.plist in Resources */ = {isa = PBXBuildFile; fileRef = 4EB439C42E6DFCA900E7980F /* GoogleService-Info.plist */; };
		4EB439C72E6DFCA900E7980F /* GoogleService-Info.plist in Resources */ = {isa = PBXBuildFile; fileRef = 4EB439C42E6DFCA900E7980F /* GoogleService-Info.plist */; };
		4EB439CA2E6DFE0900E7980F /* FirebaseAuth in Frameworks */ = {isa = PBXBuildFile; productRef = 4EB439C92E6DFE0900E7980F /* FirebaseAuth */; };
		4EB439CC2E6DFE0900E7980F /* FirebaseCore in Frameworks */ = {isa = PBXBuildFile; productRef = 4EB439CB2E6DFE0900E7980F /* FirebaseCore */; };
		4EB439CE2E6DFE0900E7980F /* FirebaseFirestore in Frameworks */ = {isa = PBXBuildFile; productRef = 4EB439CD2E6DFE0900E7980F /* FirebaseFirestore */; };
		4EB439D12E6DFEEF00E7980F /* GoogleSignIn in Frameworks */ = {isa = PBXBuildFile; productRef = 4EB439D02E6DFEEF00E7980F /* GoogleSignIn */; };
		4EB439D32E6DFEEF00E7980F /* GoogleSignInSwift in Frameworks */ = {isa = PBXBuildFile; productRef = 4EB439D22E6DFEEF00E7980F /* GoogleSignInSwift */; };
/* End PBXBuildFile section */

/* Begin PBXContainerItemProxy section */
		4EE746CC2E69DFFD00D6C879 /* PBXContainerItemProxy */ = {
			isa = PBXContainerItemProxy;
			containerPortal = 4EE746B12E69DFF500D6C879 /* Project object */;
			proxyType = 1;
			remoteGlobalIDString = 4EE746B82E69DFF500D6C879;
			remoteInfo = corepass;
		};
		4EE746D62E69DFFD00D6C879 /* PBXContainerItemProxy */ = {
			isa = PBXContainerItemProxy;
			containerPortal = 4EE746B12E69DFF500D6C879 /* Project object */;
			proxyType = 1;
			remoteGlobalIDString = 4EE746B82E69DFF500D6C879;
			remoteInfo = corepass;
		};
/* End PBXContainerItemProxy section */

/* Begin PBXFileReference section */
		4EB439C42E6DFCA900E7980F /* GoogleService-Info.plist */ = {isa = PBXFileReference; lastKnownFileType = text.plist.xml; path = "GoogleService-Info.plist"; sourceTree = "<group>"; };
		4EE746B92E69DFF500D6C879 /* corepass.app */ = {isa = PBXFileReference; explicitFileType = wrapper.application; includeInIndex = 0; path = corepass.app; sourceTree = BUILT_PRODUCTS_DIR; };
		4EE746CB2E69DFFD00D6C879 /* corepassTests.xctest */ = {isa = PBXFileReference; explicitFileType = wrapper.cfbundle; includeInIndex = 0; path = corepassTests.xctest; sourceTree = BUILT_PRODUCTS_DIR; };
		4EE746D52E69DFFD00D6C879 /* corepassUITests.xctest */ = {isa = PBXFileReference; explicitFileType = wrapper.cfbundle; includeInIndex = 0; path = corepassUITests.xctest; sourceTree = BUILT_PRODUCTS_DIR; };
/* End PBXFileReference section */

/* Begin PBXFileSystemSynchronizedBuildFileExceptionSet section */
		4EB439D52E6DFF5400E7980F /* Exceptions for "corepass" folder in "corepass" target */ = {
			isa = PBXFileSystemSynchronizedBuildFileExceptionSet;
			membershipExceptions = (
				Info.plist,
			);
			target = 4EE746B82E69DFF500D6C879 /* corepass */;
		};
		4EB439DF2E6E047D00E7980F /* Exceptions for "corepass" folder in "corepassTests" target */ = {
			isa = PBXFileSystemSynchronizedBuildFileExceptionSet;
			membershipExceptions = (
				AuthViewModel.swift,
			);
			target = 4EE746CA2E69DFFD00D6C879 /* corepassTests */;
		};
		4EB439E02E6E047D00E7980F /* Exceptions for "corepass" folder in "corepassUITests" target */ = {
			isa = PBXFileSystemSynchronizedBuildFileExceptionSet;
			membershipExceptions = (
				AuthViewModel.swift,
			);
			target = 4EE746D42E69DFFD00D6C879 /* corepassUITests */;
		};
/* End PBXFileSystemSynchronizedBuildFileExceptionSet section */

/* Begin PBXFileSystemSynchronizedRootGroup section */
		4EE746BB2E69DFF500D6C879 /* corepass */ = {
			isa = PBXFileSystemSynchronizedRootGroup;
			exceptions = (
				4EB439D52E6DFF5400E7980F /* Exceptions for "corepass" folder in "corepass" target */,
				4EB439DF2E6E047D00E7980F /* Exceptions for "corepass" folder in "corepassTests" target */,
				4EB439E02E6E047D00E7980F /* Exceptions for "corepass" folder in "corepassUITests" target */,
			);
			path = corepass;
			sourceTree = "<group>";
		};
		4EE746CE2E69DFFD00D6C879 /* corepassTests */ = {
			isa = PBXFileSystemSynchronizedRootGroup;
			path = corepassTests;
			sourceTree = "<group>";
		};
		4EE746D82E69DFFD00D6C879 /* corepassUITests */ = {
			isa = PBXFileSystemSynchronizedRootGroup;
			path = corepassUITests;
			sourceTree = "<group>";
		};
/* End PBXFileSystemSynchronizedRootGroup section */

/* Begin PBXFrameworksBuildPhase section */
		4EE746B62E69DFF500D6C879 /* Frameworks */ = {
			isa = PBXFrameworksBuildPhase;
			buildActionMask = 2147483647;
			files = (
				4EB439D32E6DFEEF00E7980F /* GoogleSignInSwift in Frameworks */,
				4EB439CC2E6DFE0900E7980F /* FirebaseCore in Frameworks */,
				4EB439D12E6DFEEF00E7980F /* GoogleSignIn in Frameworks */,
				4EB439CA2E6DFE0900E7980F /* FirebaseAuth in Frameworks */,
				4EB439CE2E6DFE0900E7980F /* FirebaseFirestore in Frameworks */,
			);
			runOnlyForDeploymentPostprocessing = 0;
		};
		4EE746C82E69DFFD00D6C879 /* Frameworks */ = {
			isa = PBXFrameworksBuildPhase;
			buildActionMask = 2147483647;
			files = (
			);
			runOnlyForDeploymentPostprocessing = 0;
		};
		4EE746D22E69DFFD00D6C879 /* Frameworks */ = {
			isa = PBXFrameworksBuildPhase;
			buildActionMask = 2147483647;
			files = (
			);
			runOnlyForDeploymentPostprocessing = 0;
		};
/* End PBXFrameworksBuildPhase section */

/* Begin PBXGroup section */
		4EE746B02E69DFF500D6C879 = {
			isa = PBXGroup;
			children = (
				4EE746BB2E69DFF500D6C879 /* corepass */,
				4EE746CE2E69DFFD00D6C879 /* corepassTests */,
				4EE746D82E69DFFD00D6C879 /* corepassUITests */,
				4EE746BA2E69DFF500D6C879 /* Products */,
				4EB439C42E6DFCA900E7980F /* GoogleService-Info.plist */,
			);
			sourceTree = "<group>";
		};
		4EE746BA2E69DFF500D6C879 /* Products */ = {
			isa = PBXGroup;
			children = (
				4EE746B92E69DFF500D6C879 /* corepass.app */,
				4EE746CB2E69DFFD00D6C879 /* corepassTests.xctest */,
				4EE746D52E69DFFD00D6C879 /* corepassUITests.xctest */,
			);
			name = Products;
			sourceTree = "<group>";
		};
/* End PBXGroup section */

/* Begin PBXNativeTarget section */
		4EE746B82E69DFF500D6C879 /* corepass */ = {
			isa = PBXNativeTarget;
			buildConfigurationList = 4EE746DF2E69DFFD00D6C879 /* Build configuration list for PBXNativeTarget "corepass" */;
			buildPhases = (
				4EE746B52E69DFF500D6C879 /* Sources */,
				4EE746B62E69DFF500D6C879 /* Frameworks */,
				4EE746B72E69DFF500D6C879 /* Resources */,
			);
			buildRules = (
			);
			dependencies = (
			);
			fileSystemSynchronizedGroups = (
				4EE746BB2E69DFF500D6C879 /* corepass */,
			);
			name = corepass;
			packageProductDependencies = (
				4EB439C92E6DFE0900E7980F /* FirebaseAuth */,
				4EB439CB2E6DFE0900E7980F /* FirebaseCore */,
				4EB439CD2E6DFE0900E7980F /* FirebaseFirestore */,
				4EB439D02E6DFEEF00E7980F /* GoogleSignIn */,
				4EB439D22E6DFEEF00E7980F /* GoogleSignInSwift */,
			);
			productName = corepass;
			productReference = 4EE746B92E69DFF500D6C879 /* corepass.app */;
			productType = "com.apple.product-type.application";
		};
		4EE746CA2E69DFFD00D6C879 /* corepassTests */ = {
			isa = PBXNativeTarget;
			buildConfigurationList = 4EE746E22E69DFFD00D6C879 /* Build configuration list for PBXNativeTarget "corepassTests" */;
			buildPhases = (
				4EE746C72E69DFFD00D6C879 /* Sources */,
				4EE746C82E69DFFD00D6C879 /* Frameworks */,
				4EE746C92E69DFFD00D6C879 /* Resources */,
			);
			buildRules = (
			);
			dependencies = (
				4EE746CD2E69DFFD00D6C879 /* PBXTargetDependency */,
			);
			fileSystemSynchronizedGroups = (
				4EE746CE2E69DFFD00D6C879 /* corepassTests */,
			);
			name = corepassTests;
			packageProductDependencies = (
			);
			productName = corepassTests;
			productReference = 4EE746CB2E69DFFD00D6C879 /* corepassTests.xctest */;
			productType = "com.apple.product-type.bundle.unit-test";
		};
		4EE746D42E69DFFD00D6C879 /* corepassUITests */ = {
			isa = PBXNativeTarget;
			buildConfigurationList = 4EE746E52E69DFFD00D6C879 /* Build configuration list for PBXNativeTarget "corepassUITests" */;
			buildPhases = (
				4EE746D12E69DFFD00D6C879 /* Sources */,
				4EE746D22E69DFFD00D6C879 /* Frameworks */,
				4EE746D32E69DFFD00D6C879 /* Resources */,
			);
			buildRules = (
			);
			dependencies = (
				4EE746D72E69DFFD00D6C879 /* PBXTargetDependency */,
			);
			fileSystemSynchronizedGroups = (
				4EE746D82E69DFFD00D6C879 /* corepassUITests */,
			);
			name = corepassUITests;
			packageProductDependencies = (
			);
			productName = corepassUITests;
			productReference = 4EE746D52E69DFFD00D6C879 /* corepassUITests.xctest */;
			productType = "com.apple.product-type.bundle.ui-testing";
		};
/* End PBXNativeTarget section */

/* Begin PBXProject section */
		4EE746B12E69DFF500D6C879 /* Project object */ = {
			isa = PBXProject;
			attributes = {
				BuildIndependentTargetsInParallel = 1;
				LastSwiftUpdateCheck = 1620;
				LastUpgradeCheck = 1620;
				TargetAttributes = {
					4EE746B82E69DFF500D6C879 = {
						CreatedOnToolsVersion = 16.2;
					};
					4EE746CA2E69DFFD00D6C879 = {
						CreatedOnToolsVersion = 16.2;
						TestTargetID = 4EE746B82E69DFF500D6C879;
					};
					4EE746D42E69DFFD00D6C879 = {
						CreatedOnToolsVersion = 16.2;
						TestTargetID = 4EE746B82E69DFF500D6C879;
					};
				};
			};
			buildConfigurationList = 4EE746B42E69DFF500D6C879 /* Build configuration list for PBXProject "corepass" */;
			developmentRegion = en;
			hasScannedForEncodings = 0;
			knownRegions = (
				en,
				Base,
			);
			mainGroup = 4EE746B02E69DFF500D6C879;
			minimizedProjectReferenceProxies = 1;
			packageReferences = (
				4EB439C82E6DFE0900E7980F /* XCRemoteSwiftPackageReference "firebase-ios-sdk" */,
				4EB439CF2E6DFEEF00E7980F /* XCRemoteSwiftPackageReference "GoogleSignIn-iOS" */,
			);
			preferredProjectObjectVersion = 77;
			productRefGroup = 4EE746BA2E69DFF500D6C879 /* Products */;
			projectDirPath = "";
			projectRoot = "";
			targets = (
				4EE746B82E69DFF500D6C879 /* corepass */,
				4EE746CA2E69DFFD00D6C879 /* corepassTests */,
				4EE746D42E69DFFD00D6C879 /* corepassUITests */,
			);
		};
/* End PBXProject section */

/* Begin PBXResourcesBuildPhase section */
		4EE746B72E69DFF500D6C879 /* Resources */ = {
			isa = PBXResourcesBuildPhase;
			buildActionMask = 2147483647;
			files = (
				4EB439C52E6DFCA900E7980F /* GoogleService-Info.plist in Resources */,
			);
			runOnlyForDeploymentPostprocessing = 0;
		};
		4EE746C92E69DFFD00D6C879 /* Resources */ = {
			isa = PBXResourcesBuildPhase;
			buildActionMask = 2147483647;
			files = (
				4EB439C72E6DFCA900E7980F /* GoogleService-Info.plist in Resources */,
			);
			runOnlyForDeploymentPostprocessing = 0;
		};
		4EE746D32E69DFFD00D6C879 /* Resources */ = {
			isa = PBXResourcesBuildPhase;
			buildActionMask = 2147483647;
			files = (
				4EB439C62E6DFCA900E7980F /* GoogleService-Info.plist in Resources */,
			);
			runOnlyForDeploymentPostprocessing = 0;
		};
/* End PBXResourcesBuildPhase section */

/* Begin PBXSourcesBuildPhase section */
		4EE746B52E69DFF500D6C879 /* Sources */ = {
			isa = PBXSourcesBuildPhase;
			buildActionMask = 2147483647;
			files = (
			);
			runOnlyForDeploymentPostprocessing = 0;
		};
		4EE746C72E69DFFD00D6C879 /* Sources */ = {
			isa = PBXSourcesBuildPhase;
			buildActionMask = 2147483647;
			files = (
			);
			runOnlyForDeploymentPostprocessing = 0;
		};
		4EE746D12E69DFFD00D6C879 /* Sources */ = {
			isa = PBXSourcesBuildPhase;
			buildActionMask = 2147483647;
			files = (
			);
			runOnlyForDeploymentPostprocessing = 0;
		};
/* End PBXSourcesBuildPhase section */

/* Begin PBXTargetDependency section */
		4EE746CD2E69DFFD00D6C879 /* PBXTargetDependency */ = {
			isa = PBXTargetDependency;
			target = 4EE746B82E69DFF500D6C879 /* corepass */;
			targetProxy = 4EE746CC2E69DFFD00D6C879 /* PBXContainerItemProxy */;
		};
		4EE746D72E69DFFD00D6C879 /* PBXTargetDependency */ = {
			isa = PBXTargetDependency;
			target = 4EE746B82E69DFF500D6C879 /* corepass */;
			targetProxy = 4EE746D62E69DFFD00D6C879 /* PBXContainerItemProxy */;
		};
/* End PBXTargetDependency section */

/* Begin XCBuildConfiguration section */
		4EE746DD2E69DFFD00D6C879 /* Debug */ = {
			isa = XCBuildConfiguration;
			buildSettings = {
				ALWAYS_SEARCH_USER_PATHS = NO;
				ASSETCATALOG_COMPILER_GENERATE_SWIFT_ASSET_SYMBOL_EXTENSIONS = YES;
				CLANG_ANALYZER_NONNULL = YES;
				CLANG_ANALYZER_NUMBER_OBJECT_CONVERSION = YES_AGGRESSIVE;
				CLANG_CXX_LANGUAGE_STANDARD = "gnu++20";
				CLANG_ENABLE_MODULES = YES;
				CLANG_ENABLE_OBJC_ARC = YES;
				CLANG_ENABLE_OBJC_WEAK = YES;
				CLANG_WARN_BLOCK_CAPTURE_AUTORELEASING = YES;
				CLANG_WARN_BOOL_CONVERSION = YES;
				CLANG_WARN_COMMA = YES;
				CLANG_WARN_CONSTANT_CONVERSION = YES;
				CLANG_WARN_DEPRECATED_OBJC_IMPLEMENTATIONS = YES;
				CLANG_WARN_DIRECT_OBJC_ISA_USAGE = YES_ERROR;
				CLANG_WARN_DOCUMENTATION_COMMENTS = YES;
				CLANG_WARN_EMPTY_BODY = YES;
				CLANG_WARN_ENUM_CONVERSION = YES;
				CLANG_WARN_INFINITE_RECURSION = YES;
				CLANG_WARN_INT_CONVERSION = YES;
				CLANG_WARN_NON_LITERAL_NULL_CONVERSION = YES;
				CLANG_WARN_OBJC_IMPLICIT_RETAIN_SELF = YES;
				CLANG_WARN_OBJC_LITERAL_CONVERSION = YES;
				CLANG_WARN_OBJC_ROOT_CLASS = YES_ERROR;
				CLANG_WARN_QUOTED_INCLUDE_IN_FRAMEWORK_HEADER = YES;
				CLANG_WARN_RANGE_LOOP_ANALYSIS = YES;
				CLANG_WARN_STRICT_PROTOTYPES = YES;
				CLANG_WARN_SUSPICIOUS_MOVE = YES;
				CLANG_WARN_UNGUARDED_AVAILABILITY = YES_AGGRESSIVE;
				CLANG_WARN_UNREACHABLE_CODE = YES;
				CLANG_WARN__DUPLICATE_METHOD_MATCH = YES;
				COPY_PHASE_STRIP = NO;
				DEBUG_INFORMATION_FORMAT = dwarf;
				ENABLE_STRICT_OBJC_MSGSEND = YES;
				ENABLE_TESTABILITY = YES;
				ENABLE_USER_SCRIPT_SANDBOXING = YES;
				GCC_C_LANGUAGE_STANDARD = gnu17;
				GCC_DYNAMIC_NO_PIC = NO;
				GCC_NO_COMMON_BLOCKS = YES;
				GCC_OPTIMIZATION_LEVEL = 0;
				GCC_PREPROCESSOR_DEFINITIONS = (
					"DEBUG=1",
					"$(inherited)",
				);
				GCC_WARN_64_TO_32_BIT_CONVERSION = YES;
				GCC_WARN_ABOUT_RETURN_TYPE = YES_ERROR;
				GCC_WARN_UNDECLARED_SELECTOR = YES;
				GCC_WARN_UNINITIALIZED_AUTOS = YES_AGGRESSIVE;
				GCC_WARN_UNUSED_FUNCTION = YES;
				GCC_WARN_UNUSED_VARIABLE = YES;
				IPHONEOS_DEPLOYMENT_TARGET = 18.2;
				LOCALIZATION_PREFERS_STRING_CATALOGS = YES;
				MTL_ENABLE_DEBUG_INFO = INCLUDE_SOURCE;
				MTL_FAST_MATH = YES;
				ONLY_ACTIVE_ARCH = YES;
				SDKROOT = iphoneos;
				SWIFT_ACTIVE_COMPILATION_CONDITIONS = "DEBUG $(inherited)";
				SWIFT_OPTIMIZATION_LEVEL = "-Onone";
			};
			name = Debug;
		};
		4EE746DE2E69DFFD00D6C879 /* Release */ = {
			isa = XCBuildConfiguration;
			buildSettings = {
				ALWAYS_SEARCH_USER_PATHS = NO;
				ASSETCATALOG_COMPILER_GENERATE_SWIFT_ASSET_SYMBOL_EXTENSIONS = YES;
				CLANG_ANALYZER_NONNULL = YES;
				CLANG_ANALYZER_NUMBER_OBJECT_CONVERSION = YES_AGGRESSIVE;
				CLANG_CXX_LANGUAGE_STANDARD = "gnu++20";
				CLANG_ENABLE_MODULES = YES;
				CLANG_ENABLE_OBJC_ARC = YES;
				CLANG_ENABLE_OBJC_WEAK = YES;
				CLANG_WARN_BLOCK_CAPTURE_AUTORELEASING = YES;
				CLANG_WARN_BOOL_CONVERSION = YES;
				CLANG_WARN_COMMA = YES;
				CLANG_WARN_CONSTANT_CONVERSION = YES;
				CLANG_WARN_DEPRECATED_OBJC_IMPLEMENTATIONS = YES;
				CLANG_WARN_DIRECT_OBJC_ISA_USAGE = YES_ERROR;
				CLANG_WARN_DOCUMENTATION_COMMENTS = YES;
				CLANG_WARN_EMPTY_BODY = YES;
				CLANG_WARN_ENUM_CONVERSION = YES;
				CLANG_WARN_INFINITE_RECURSION = YES;
				CLANG_WARN_INT_CONVERSION = YES;
				CLANG_WARN_NON_LITERAL_NULL_CONVERSION = YES;
				CLANG_WARN_OBJC_IMPLICIT_RETAIN_SELF = YES;
				CLANG_WARN_OBJC_LITERAL_CONVERSION = YES;
				CLANG_WARN_OBJC_ROOT_CLASS = YES_ERROR;
				CLANG_WARN_QUOTED_INCLUDE_IN_FRAMEWORK_HEADER = YES;
				CLANG_WARN_RANGE_LOOP_ANALYSIS = YES;
				CLANG_WARN_STRICT_PROTOTYPES = YES;
				CLANG_WARN_SUSPICIOUS_MOVE = YES;
				CLANG_WARN_UNGUARDED_AVAILABILITY = YES_AGGRESSIVE;
				CLANG_WARN_UNREACHABLE_CODE = YES;
				CLANG_WARN__DUPLICATE_METHOD_MATCH = YES;
				COPY_PHASE_STRIP = NO;
				DEBUG_INFORMATION_FORMAT = "dwarf-with-dsym";
				ENABLE_NS_ASSERTIONS = NO;
				ENABLE_STRICT_OBJC_MSGSEND = YES;
				ENABLE_USER_SCRIPT_SANDBOXING = YES;
				GCC_C_LANGUAGE_STANDARD = gnu17;
				GCC_NO_COMMON_BLOCKS = YES;
				GCC_WARN_64_TO_32_BIT_CONVERSION = YES;
				GCC_WARN_ABOUT_RETURN_TYPE = YES_ERROR;
				GCC_WARN_UNDECLARED_SELECTOR = YES;
				GCC_WARN_UNINITIALIZED_AUTOS = YES_AGGRESSIVE;
				GCC_WARN_UNUSED_FUNCTION = YES;
				GCC_WARN_UNUSED_VARIABLE = YES;
				IPHONEOS_DEPLOYMENT_TARGET = 18.2;
				LOCALIZATION_PREFERS_STRING_CATALOGS = YES;
				MTL_ENABLE_DEBUG_INFO = NO;
				MTL_FAST_MATH = YES;
				SDKROOT = iphoneos;
				SWIFT_COMPILATION_MODE = wholemodule;
				VALIDATE_PRODUCT = YES;
			};
			name = Release;
		};
		4EE746E02E69DFFD00D6C879 /* Debug */ = {
			isa = XCBuildConfiguration;
			buildSettings = {
				ASSETCATALOG_COMPILER_APPICON_NAME = AppIcon;
				ASSETCATALOG_COMPILER_GLOBAL_ACCENT_COLOR_NAME = AccentColor;
				CODE_SIGN_STYLE = Automatic;
				CURRENT_PROJECT_VERSION = 1;
				DEVELOPMENT_ASSET_PATHS = "\"corepass/Preview Content\"";
				DEVELOPMENT_TEAM = J5B733XJX8;
				ENABLE_PREVIEWS = YES;
				GENERATE_INFOPLIST_FILE = YES;
				INFOPLIST_FILE = corepass/Info.plist;
				INFOPLIST_KEY_UIApplicationSceneManifest_Generation = YES;
				INFOPLIST_KEY_UIApplicationSupportsIndirectInputEvents = YES;
				INFOPLIST_KEY_UILaunchScreen_Generation = YES;
				INFOPLIST_KEY_UISupportedInterfaceOrientations_iPad = "UIInterfaceOrientationPortrait UIInterfaceOrientationPortraitUpsideDown UIInterfaceOrientationLandscapeLeft UIInterfaceOrientationLandscapeRight";
				INFOPLIST_KEY_UISupportedInterfaceOrientations_iPhone = "UIInterfaceOrientationPortrait UIInterfaceOrientationLandscapeLeft UIInterfaceOrientationLandscapeRight";
				LD_RUNPATH_SEARCH_PATHS = (
					"$(inherited)",
					"@executable_path/Frameworks",
				);
				MARKETING_VERSION = 1.0;
				PRODUCT_BUNDLE_IDENTIFIER = hari.corepass;
				PRODUCT_NAME = "$(TARGET_NAME)";
				SWIFT_EMIT_LOC_STRINGS = YES;
				SWIFT_VERSION = 5.0;
				TARGETED_DEVICE_FAMILY = "1,2";
			};
			name = Debug;
		};
		4EE746E12E69DFFD00D6C879 /* Release */ = {
			isa = XCBuildConfiguration;
			buildSettings = {
				ASSETCATALOG_COMPILER_APPICON_NAME = AppIcon;
				ASSETCATALOG_COMPILER_GLOBAL_ACCENT_COLOR_NAME = AccentColor;
				CODE_SIGN_STYLE = Automatic;
				CURRENT_PROJECT_VERSION = 1;
				DEVELOPMENT_ASSET_PATHS = "\"corepass/Preview Content\"";
				DEVELOPMENT_TEAM = J5B733XJX8;
				ENABLE_PREVIEWS = YES;
				GENERATE_INFOPLIST_FILE = YES;
				INFOPLIST_FILE = corepass/Info.plist;
				INFOPLIST_KEY_UIApplicationSceneManifest_Generation = YES;
				INFOPLIST_KEY_UIApplicationSupportsIndirectInputEvents = YES;
				INFOPLIST_KEY_UILaunchScreen_Generation = YES;
				INFOPLIST_KEY_UISupportedInterfaceOrientations_iPad = "UIInterfaceOrientationPortrait UIInterfaceOrientationPortraitUpsideDown UIInterfaceOrientationLandscapeLeft UIInterfaceOrientationLandscapeRight";
				INFOPLIST_KEY_UISupportedInterfaceOrientations_iPhone = "UIInterfaceOrientationPortrait UIInterfaceOrientationLandscapeLeft UIInterfaceOrientationLandscapeRight";
				LD_RUNPATH_SEARCH_PATHS = (
					"$(inherited)",
					"@executable_path/Frameworks",
				);
				MARKETING_VERSION = 1.0;
				PRODUCT_BUNDLE_IDENTIFIER = hari.corepass;
				PRODUCT_NAME = "$(TARGET_NAME)";
				SWIFT_EMIT_LOC_STRINGS = YES;
				SWIFT_VERSION = 5.0;
				TARGETED_DEVICE_FAMILY = "1,2";
			};
			name = Release;
		};
		4EE746E32E69DFFD00D6C879 /* Debug */ = {
			isa = XCBuildConfiguration;
			buildSettings = {
				BUNDLE_LOADER = "$(TEST_HOST)";
				CODE_SIGN_STYLE = Automatic;
				CURRENT_PROJECT_VERSION = 1;
				DEVELOPMENT_TEAM = J5B733XJX8;
				GENERATE_INFOPLIST_FILE = YES;
				IPHONEOS_DEPLOYMENT_TARGET = 18.2;
				MARKETING_VERSION = 1.0;
				PRODUCT_BUNDLE_IDENTIFIER = hari.corepassTests;
				PRODUCT_NAME = "$(TARGET_NAME)";
				SWIFT_EMIT_LOC_STRINGS = NO;
				SWIFT_VERSION = 5.0;
				TARGETED_DEVICE_FAMILY = "1,2";
				TEST_HOST = "$(BUILT_PRODUCTS_DIR)/corepass.app/$(BUNDLE_EXECUTABLE_FOLDER_PATH)/corepass";
			};
			name = Debug;
		};
		4EE746E42E69DFFD00D6C879 /* Release */ = {
			isa = XCBuildConfiguration;
			buildSettings = {
				BUNDLE_LOADER = "$(TEST_HOST)";
				CODE_SIGN_STYLE = Automatic;
				CURRENT_PROJECT_VERSION = 1;
				DEVELOPMENT_TEAM = J5B733XJX8;
				GENERATE_INFOPLIST_FILE = YES;
				IPHONEOS_DEPLOYMENT_TARGET = 18.2;
				MARKETING_VERSION = 1.0;
				PRODUCT_BUNDLE_IDENTIFIER = hari.corepassTests;
				PRODUCT_NAME = "$(TARGET_NAME)";
				SWIFT_EMIT_LOC_STRINGS = NO;
				SWIFT_VERSION = 5.0;
				TARGETED_DEVICE_FAMILY = "1,2";
				TEST_HOST = "$(BUILT_PRODUCTS_DIR)/corepass.app/$(BUNDLE_EXECUTABLE_FOLDER_PATH)/corepass";
			};
			name = Release;
		};
		4EE746E62E69DFFD00D6C879 /* Debug */ = {
			isa = XCBuildConfiguration;
			buildSettings = {
				CODE_SIGN_STYLE = Automatic;
				CURRENT_PROJECT_VERSION = 1;
				DEVELOPMENT_TEAM = J5B733XJX8;
				GENERATE_INFOPLIST_FILE = YES;
				MARKETING_VERSION = 1.0;
				PRODUCT_BUNDLE_IDENTIFIER = hari.corepassUITests;
				PRODUCT_NAME = "$(TARGET_NAME)";
				SWIFT_EMIT_LOC_STRINGS = NO;
				SWIFT_VERSION = 5.0;
				TARGETED_DEVICE_FAMILY = "1,2";
				TEST_TARGET_NAME = corepass;
			};
			name = Debug;
		};
		4EE746E72E69DFFD00D6C879 /* Release */ = {
			isa = XCBuildConfiguration;
			buildSettings = {
				CODE_SIGN_STYLE = Automatic;
				CURRENT_PROJECT_VERSION = 1;
				DEVELOPMENT_TEAM = J5B733XJX8;
				GENERATE_INFOPLIST_FILE = YES;
				MARKETING_VERSION = 1.0;
				PRODUCT_BUNDLE_IDENTIFIER = hari.corepassUITests;
				PRODUCT_NAME = "$(TARGET_NAME)";
				SWIFT_EMIT_LOC_STRINGS = NO;
				SWIFT_VERSION = 5.0;
				TARGETED_DEVICE_FAMILY = "1,2";
				TEST_TARGET_NAME = corepass;
			};
			name = Release;
		};
/* End XCBuildConfiguration section */

/* Begin XCConfigurationList section */
		4EE746B42E69DFF500D6C879 /* Build configuration list for PBXProject "corepass" */ = {
			isa = XCConfigurationList;
			buildConfigurations = (
				4EE746DD2E69DFFD00D6C879 /* Debug */,
				4EE746DE2E69DFFD00D6C879 /* Release */,
			);
			defaultConfigurationIsVisible = 0;
			defaultConfigurationName = Release;
		};
		4EE746DF2E69DFFD00D6C879 /* Build configuration list for PBXNativeTarget "corepass" */ = {
			isa = XCConfigurationList;
			buildConfigurations = (
				4EE746E02E69DFFD00D6C879 /* Debug */,
				4EE746E12E69DFFD00D6C879 /* Release */,
			);
			defaultConfigurationIsVisible = 0;
			defaultConfigurationName = Release;
		};
		4EE746E22E69DFFD00D6C879 /* Build configuration list for PBXNativeTarget "corepassTests" */ = {
			isa = XCConfigurationList;
			buildConfigurations = (
				4EE746E32E69DFFD00D6C879 /* Debug */,
				4EE746E42E69DFFD00D6C879 /* Release */,
			);
			defaultConfigurationIsVisible = 0;
			defaultConfigurationName = Release;
		};
		4EE746E52E69DFFD00D6C879 /* Build configuration list for PBXNativeTarget "corepassUITests" */ = {
			isa = XCConfigurationList;
			buildConfigurations = (
				4EE746E62E69DFFD00D6C879 /* Debug */,
				4EE746E72E69DFFD00D6C879 /* Release */,
			);
			defaultConfigurationIsVisible = 0;
			defaultConfigurationName = Release;
		};
/* End XCConfigurationList section */

/* Begin XCRemoteSwiftPackageReference section */
		4EB439C82E6DFE0900E7980F /* XCRemoteSwiftPackageReference "firebase-ios-sdk" */ = {
			isa = XCRemoteSwiftPackageReference;
			repositoryURL = "https://github.com/firebase/firebase-ios-sdk.git";
			requirement = {
				kind = upToNextMajorVersion;
				minimumVersion = 12.2.0;
			};
		};
		4EB439CF2E6DFEEF00E7980F /* XCRemoteSwiftPackageReference "GoogleSignIn-iOS" */ = {
			isa = XCRemoteSwiftPackageReference;
			repositoryURL = "https://github.com/google/GoogleSignIn-iOS";
			requirement = {
				kind = upToNextMajorVersion;
				minimumVersion = 9.0.0;
			};
		};
/* End XCRemoteSwiftPackageReference section */

/* Begin XCSwiftPackageProductDependency section */
		4EB439C92E6DFE0900E7980F /* FirebaseAuth */ = {
			isa = XCSwiftPackageProductDependency;
			package = 4EB439C82E6DFE0900E7980F /* XCRemoteSwiftPackageReference "firebase-ios-sdk" */;
			productName = FirebaseAuth;
		};
		4EB439CB2E6DFE0900E7980F /* FirebaseCore */ = {
			isa = XCSwiftPackageProductDependency;
			package = 4EB439C82E6DFE0900E7980F /* XCRemoteSwiftPackageReference "firebase-ios-sdk" */;
			productName = FirebaseCore;
		};
		4EB439CD2E6DFE0900E7980F /* FirebaseFirestore */ = {
			isa = XCSwiftPackageProductDependency;
			package = 4EB439C82E6DFE0900E7980F /* XCRemoteSwiftPackageReference "firebase-ios-sdk" */;
			productName = FirebaseFirestore;
		};
		4EB439D02E6DFEEF00E7980F /* GoogleSignIn */ = {
			isa = XCSwiftPackageProductDependency;
			package = 4EB439CF2E6DFEEF00E7980F /* XCRemoteSwiftPackageReference "GoogleSignIn-iOS" */;
			productName = GoogleSignIn;
		};
		4EB439D22E6DFEEF00E7980F /* GoogleSignInSwift */ = {
			isa = XCSwiftPackageProductDependency;
			package = 4EB439CF2E6DFEEF00E7980F /* XCRemoteSwiftPackageReference "GoogleSignIn-iOS" */;
			productName = GoogleSignInSwift;
		};
/* End XCSwiftPackageProductDependency section */
	};
	rootObject = 4EE746B12E69DFF500D6C879 /* Project object */;
}
